
Microsoft Visual Studio Solution File, Format Version 12.00
# Visual Studio Version 17
VisualStudioVersion = 17.8.34322.80
MinimumVisualStudioVersion = 10.0.40219.1
Project("{9A19103F-16F7-4668-BE54-9A1E7A4F7556}") = "s3_file_manager_backend", "s3_file_manager_backend.csproj", "{BA172A04-217A-4A85-9EED-29844981525F}"
EndProject
Global
	GlobalSection(SolutionConfigurationPlatforms) = preSolution
		Debug|Any CPU = Debug|Any CPU
		Release|Any CPU = Release|Any CPU
	EndGlobalSection
	GlobalSection(ProjectConfigurationPlatforms) = postSolution
		{BA172A04-217A-4A85-9EED-29844981525F}.Debug|Any CPU.ActiveCfg = Debug|Any CPU
		{BA172A04-217A-4A85-9EED-29844981525F}.Debug|Any CPU.Build.0 = Debug|Any CPU
		{BA172A04-217A-4A85-9EED-29844981525F}.Release|Any CPU.ActiveCfg = Release|Any CPU
		{BA172A04-217A-4A85-9EED-29844981525F}.Release|Any CPU.Build.0 = Release|Any CPU
	EndGlobalSection
	GlobalSection(SolutionProperties) = preSolution
		HideSolutionNode = FALSE
	EndGlobalSection
	GlobalSection(ExtensibilityGlobals) = postSolution
		SolutionGuid = {DC72254C-11AC-497F-87E2-A246EB466FBA}
	EndGlobalSection
EndGlobal
